
Microsoft Visual Studio Solution File, Format Version 12.00
# Visual Studio 15
VisualStudioVersion = 15.0.27130.2036
MinimumVisualStudioVersion = 10.0.40219.1
Project("{FAE04EC0-301F-11D3-BF4B-00C04F79EFBC}") = "Prototype", "Prototype\Prototype.csproj", "{2B2788F1-C5E6-4DC4-8BC5-B79144D295C9}"
EndProject
Global
	GlobalSection(SolutionConfigurationPlatforms) = preSolution
		Debug|Any CPU = Debug|Any CPU
		Release|Any CPU = Release|Any CPU
	EndGlobalSection
	GlobalSection(ProjectConfigurationPlatforms) = postSolution
		{2B2788F1-C5E6-4DC4-8BC5-B79144D295C9}.Debug|Any CPU.ActiveCfg = Debug|Any CPU
		{2B2788F1-C5E6-4DC4-8BC5-B79144D295C9}.Debug|Any CPU.Build.0 = Debug|Any CPU
		{2B2788F1-C5E6-4DC4-8BC5-B79144D295C9}.Release|Any CPU.ActiveCfg = Release|Any CPU
		{2B2788F1-C5E6-4DC4-8BC5-B79144D295C9}.Release|Any CPU.Build.0 = Release|Any CPU
	EndGlobalSection
	GlobalSection(SolutionProperties) = preSolution
		HideSolutionNode = FALSE
	EndGlobalSection
	GlobalSection(ExtensibilityGlobals) = postSolution
		SolutionGuid = {2E69EA69-8767-49B7-BD9E-DBFA08F8E138}
	EndGlobalSection
EndGlobal
